{
  "nodes": {
    "crane": {
      "locked": {
        "lastModified": 1739053031,
        "narHash": "sha256-LrMDRuwAlRFD2T4MgBSRd1s2VtOE+Vl1oMCNu3RpPE0=",
        "owner": "ipetkov",
        "repo": "crane",
        "rev": "112e6591b2d6313b1bd05a80a754a8ee42432a7e",
        "type": "github"
      },
      "original": {
        "owner": "ipetkov",
        "repo": "crane",
        "type": "github"
      }
    },
    "disko": {
      "inputs": {
        "nixpkgs": [
          "nixpkgs"
        ]
      },
      "locked": {
        "lastModified": 1739353546,
        "narHash": "sha256-YTqXhBZvCdZLMBupWlCDvRFaTEhaHa2/Xc/p1sUdSZU=",
        "owner": "nix-community",
        "repo": "disko",
        "rev": "26ade1005191e0602a78b0f141970648445bafd9",
        "type": "github"
      },
      "original": {
        "owner": "nix-community",
        "repo": "disko",
        "type": "github"
      }
    },
    "flake-parts": {
      "inputs": {
        "nixpkgs-lib": [
          "nixpkgs"
        ]
      },
      "locked": {
        "lastModified": 1738453229,
        "narHash": "sha256-7H9XgNiGLKN1G1CgRh0vUL4AheZSYzPm+zmZ7vxbJdo=",
        "owner": "hercules-ci",
        "repo": "flake-parts",
        "rev": "32ea77a06711b758da0ad9bd6a844c5740a87abd",
        "type": "github"
      },
      "original": {
        "owner": "hercules-ci",
        "repo": "flake-parts",
        "type": "github"
      }
    },
    "home-manager": {
      "inputs": {
        "nixpkgs": [
          "nixpkgs"
        ]
      },
      "locked": {
        "lastModified": 1739416022,
        "narHash": "sha256-Af1CIT+XlXEb+Dk11sgPDzJoOUiada2Xoj5hA8TBvLY=",
        "owner": "nix-community",
        "repo": "home-manager",
        "rev": "c9d343cfa0565671cc7e8d5aefebaf61cc840abd",
        "type": "github"
      },
      "original": {
        "owner": "nix-community",
        "repo": "home-manager",
        "type": "github"
      }
    },
    "lanzaboote": {
      "inputs": {
        "crane": [
          "crane"
        ],
        "flake-compat": [],
        "flake-parts": [
          "flake-parts"
        ],
        "nixpkgs": [
          "nixpkgs"
        ],
        "pre-commit-hooks-nix": [],
        "rust-overlay": [
          "rust-overlay"
        ]
      },
      "locked": {
        "lastModified": 1739186342,
        "narHash": "sha256-2j+sln9RwQn+g7J4GmdFFgvqXnLkvWBNMaUzONlkzUE=",
        "owner": "nix-community",
        "repo": "lanzaboote",
        "rev": "3bdeebbc484a09391c4f0ec8a37bb77809426660",
        "type": "github"
      },
      "original": {
        "owner": "nix-community",
        "repo": "lanzaboote",
        "type": "github"
      }
    },
    "nix-indexdb": {
      "inputs": {
        "nixpkgs": [
          "nixpkgs"
        ]
      },
      "locked": {
        "lastModified": 1739071773,
        "narHash": "sha256-/Ak+Quinhmdxa9m3shjm4lwwwqmzG8zzGhhhhgR1k9I=",
        "owner": "nix-community",
        "repo": "nix-index-database",
        "rev": "895d81b6228bbd50a6ef22f5a58a504ca99763ea",
        "type": "github"
      },
      "original": {
        "owner": "nix-community",
        "repo": "nix-index-database",
        "type": "github"
      }
    },
    "nix-on-droid": {
      "inputs": {
        "home-manager": [
          "home-manager"
        ],
        "nix-formatter-pack": [],
        "nixpkgs": [
          "nixpkgs"
        ],
        "nixpkgs-docs": [
          "nixpkgs"
        ],
        "nixpkgs-for-bootstrap": [
          "nixpkgs"
        ],
        "nmd": []
      },
      "locked": {
        "lastModified": 1725658585,
        "narHash": "sha256-P29z4Gt89n5ps1U7+qmIrj0BuRXGZQSIaOe2+tsPgfw=",
        "owner": "nix-community",
        "repo": "nix-on-droid",
        "rev": "5d88ff2519e4952f8d22472b52c531bb5f1635fc",
        "type": "github"
      },
      "original": {
        "owner": "nix-community",
        "repo": "nix-on-droid",
        "type": "github"
      }
    },
    "nixos-sensible": {
      "locked": {
        "lastModified": 1711451092,
        "narHash": "sha256-17X9t5IL4cerDvoympJPIkECVG/L/yaGr+Ic3kBBYdE=",
        "owner": "Guanran928",
        "repo": "nixos-sensible",
        "rev": "23a6d9d6d5dfb2c2b89b413d900e9a4456d2c28f",
        "type": "github"
      },
      "original": {
        "owner": "Guanran928",
        "repo": "nixos-sensible",
        "type": "github"
      }
    },
    "nixpkgs": {
      "locked": {
        "lastModified": 1739392530,
        "narHash": "sha256-f9m6q0Z4RdVhPrGr78x+LFSgPkldfatdEdPh6HCN5J4=",
        "owner": "NixOS",
        "repo": "nixpkgs",
        "rev": "dbf733f7a95551ce0767d97dcfb02a0c524b7725",
        "type": "github"
      },
      "original": {
        "owner": "NixOS",
        "ref": "nixos-unstable-small",
        "repo": "nixpkgs",
        "type": "github"
      }
    },
    "preservation": {
      "locked": {
        "lastModified": 1738541138,
        "narHash": "sha256-isT+jR8P8UFh5PJDzGHYXqVEHEZa0D5WvT5kfMf14AM=",
        "owner": "nix-community",
        "repo": "preservation",
        "rev": "2f16754f9f6b766c1429375ab7417dc81cc90a63",
        "type": "github"
      },
      "original": {
        "owner": "nix-community",
        "repo": "preservation",
        "type": "github"
      }
    },
    "root": {
      "inputs": {
        "crane": "crane",
        "disko": "disko",
        "flake-parts": "flake-parts",
        "home-manager": "home-manager",
        "lanzaboote": "lanzaboote",
        "nix-indexdb": "nix-indexdb",
        "nix-on-droid": "nix-on-droid",
        "nixos-sensible": "nixos-sensible",
        "nixpkgs": "nixpkgs",
        "preservation": "preservation",
        "rust-overlay": "rust-overlay",
        "rycee-firefox": "rycee-firefox",
        "shadowrz": "shadowrz",
        "sops-nix": "sops-nix",
        "treefmt-nix": "treefmt-nix"
      }
    },
    "rust-overlay": {
      "inputs": {
        "nixpkgs": [
          "nixpkgs"
        ]
      },
      "locked": {
        "lastModified": 1739413688,
        "narHash": "sha256-57OAXXYhOibG7Rqhhr4ecI1H8mtDJB2uj0T8rbQVGLY=",
        "owner": "oxalica",
        "repo": "rust-overlay",
        "rev": "675a6427d505f140dab8c56379afb66d4f55800b",
        "type": "github"
      },
      "original": {
        "owner": "oxalica",
        "repo": "rust-overlay",
        "type": "github"
      }
    },
    "rycee-firefox": {
      "flake": false,
      "locked": {
        "lastModified": 1739417352,
        "narHash": "sha256-FX4j3KCTuwu+gFtlUXDbdrUfvDhkVhK6gyl4DJNcAx0=",
        "owner": "rycee",
        "repo": "nur-expressions",
        "rev": "7a97deeada34f2b704644462fad27d4102bf6499",
        "type": "gitlab"
      },
      "original": {
        "owner": "rycee",
        "repo": "nur-expressions",
        "type": "gitlab"
      }
    },
    "shadowrz": {
      "inputs": {
        "nixpkgs": [
          "nixpkgs"
        ]
      },
      "locked": {
        "lastModified": 1739585064,
        "narHash": "sha256-mhim5kOAZEsPdjptrM/edih1f094GywB2Qn/MTGN+k0=",
        "owner": "ShadowRZ",
        "repo": "nur-packages",
        "rev": "cbb709ca22b1c5a7ba6e02e4b60cceabc3d5d37c",
        "type": "github"
      },
      "original": {
        "owner": "ShadowRZ",
        "repo": "nur-packages",
        "type": "github"
      }
    },
    "sops-nix": {
      "inputs": {
        "nixpkgs": [
          "nixpkgs"
        ]
      },
      "locked": {
        "lastModified": 1739262228,
        "narHash": "sha256-7JAGezJ0Dn5qIyA2+T4Dt/xQgAbhCglh6lzCekTVMeU=",
        "owner": "Mic92",
        "repo": "sops-nix",
        "rev": "07af005bb7d60c7f118d9d9f5530485da5d1e975",
        "type": "github"
      },
      "original": {
        "owner": "Mic92",
        "repo": "sops-nix",
        "type": "github"
      }
    },
    "treefmt-nix": {
      "inputs": {
        "nixpkgs": [
          "nixpkgs"
        ]
      },
      "locked": {
        "lastModified": 1738953846,
        "narHash": "sha256-yrK3Hjcr8F7qS/j2F+r7C7o010eVWWlm4T1PrbKBOxQ=",
        "owner": "numtide",
        "repo": "treefmt-nix",
        "rev": "4f09b473c936d41582dd744e19f34ec27592c5fd",
        "type": "github"
      },
      "original": {
        "owner": "numtide",
        "repo": "treefmt-nix",
        "type": "github"
      }
    }
  },
  "root": "root",
  "version": 7
}
