{
  "nodes": {
    "blender": {
      "inputs": {
        "nixpkgs": [
          "nixpkgs"
        ]
      },
      "locked": {
        "dir": "blender",
        "lastModified": 1732104555,
        "narHash": "sha256-SNJZImAnv2crddcKbV/QZd9p8F76CdlW6KDPtWuNh1o=",
        "owner": "edolstra",
        "repo": "nix-warez",
        "rev": "35b4a56ef326c382c01d148142f45cb83374b654",
        "type": "github"
      },
      "original": {
        "dir": "blender",
        "owner": "edolstra",
        "repo": "nix-warez",
        "type": "github"
      }
    },
    "crane": {
      "locked": {
        "lastModified": 1732906089,
        "narHash": "sha256-NvYSSiKsC0rqn9yY0a9zglLXrFp92EwKhTFZC38voCQ=",
        "owner": "ipetkov",
        "repo": "crane",
        "rev": "9ed3180f45c2d1499e5af98c4ab7ffee8e886f5f",
        "type": "github"
      },
      "original": {
        "owner": "ipetkov",
        "repo": "crane",
        "type": "github"
      }
    },
    "disko": {
      "inputs": {
        "nixpkgs": [
          "nixpkgs"
        ]
      },
      "locked": {
        "lastModified": 1732919362,
        "narHash": "sha256-3SxlMD3nSI90+pHOF27SuLEt3+wew8xl+sUJaJMeHOI=",
        "owner": "nix-community",
        "repo": "disko",
        "rev": "b71e3faca99b40fb801f03fd950fbefbbba691a4",
        "type": "github"
      },
      "original": {
        "owner": "nix-community",
        "repo": "disko",
        "type": "github"
      }
    },
    "flake-compat": {
      "locked": {
        "lastModified": 1732722421,
        "narHash": "sha256-HRJ/18p+WoXpWJkcdsk9St5ZiukCqSDgbOGFa8Okehg=",
        "owner": "edolstra",
        "repo": "flake-compat",
        "rev": "9ed2ac151eada2306ca8c418ebd97807bb08f6ac",
        "type": "github"
      },
      "original": {
        "owner": "edolstra",
        "repo": "flake-compat",
        "type": "github"
      }
    },
    "flake-parts": {
      "inputs": {
        "nixpkgs-lib": [
          "nixpkgs"
        ]
      },
      "locked": {
        "lastModified": 1730504689,
        "narHash": "sha256-hgmguH29K2fvs9szpq2r3pz2/8cJd2LPS+b4tfNFCwE=",
        "owner": "hercules-ci",
        "repo": "flake-parts",
        "rev": "506278e768c2a08bec68eb62932193e341f55c90",
        "type": "github"
      },
      "original": {
        "owner": "hercules-ci",
        "repo": "flake-parts",
        "type": "github"
      }
    },
    "flake-utils": {
      "inputs": {
        "systems": [
          "systems"
        ]
      },
      "locked": {
        "lastModified": 1731533236,
        "narHash": "sha256-l0KFg5HjrsfsO/JpG+r7fRrqm12kzFHyUHqHCVpMMbI=",
        "owner": "numtide",
        "repo": "flake-utils",
        "rev": "11707dc2f618dd54ca8739b309ec4fc024de578b",
        "type": "github"
      },
      "original": {
        "owner": "numtide",
        "repo": "flake-utils",
        "type": "github"
      }
    },
    "home-manager": {
      "inputs": {
        "nixpkgs": [
          "nixpkgs"
        ]
      },
      "locked": {
        "lastModified": 1732884235,
        "narHash": "sha256-r8j6R3nrvwbT1aUp4EPQ1KC7gm0pu9VcV1aNaB+XG6Q=",
        "owner": "nix-community",
        "repo": "home-manager",
        "rev": "819f682269f4e002884702b87e445c82840c68f2",
        "type": "github"
      },
      "original": {
        "owner": "nix-community",
        "repo": "home-manager",
        "type": "github"
      }
    },
    "impermanence": {
      "locked": {
        "lastModified": 1731242966,
        "narHash": "sha256-B3C3JLbGw0FtLSWCjBxU961gLNv+BOOBC6WvstKLYMw=",
        "owner": "nix-community",
        "repo": "impermanence",
        "rev": "3ed3f0eaae9fcc0a8331e77e9319c8a4abd8a71a",
        "type": "github"
      },
      "original": {
        "owner": "nix-community",
        "repo": "impermanence",
        "type": "github"
      }
    },
    "lanzaboote": {
      "inputs": {
        "crane": [
          "crane"
        ],
        "flake-compat": [
          "flake-compat"
        ],
        "flake-parts": [
          "flake-parts"
        ],
        "flake-utils": [
          "flake-utils"
        ],
        "nixpkgs": [
          "nixpkgs"
        ],
        "pre-commit-hooks-nix": [],
        "rust-overlay": [
          "rust-overlay"
        ]
      },
      "locked": {
        "lastModified": 1718178907,
        "narHash": "sha256-eSZyrQ9uoPB9iPQ8Y5H7gAmAgAvCw3InStmU3oEjqsE=",
        "owner": "nix-community",
        "repo": "lanzaboote",
        "rev": "b627ccd97d0159214cee5c7db1412b75e4be6086",
        "type": "github"
      },
      "original": {
        "owner": "nix-community",
        "ref": "v0.4.1",
        "repo": "lanzaboote",
        "type": "github"
      }
    },
    "lightly": {
      "inputs": {
        "nixpkgs": [
          "nixpkgs"
        ]
      },
      "locked": {
        "lastModified": 1733621978,
        "narHash": "sha256-1dTeiYCyvLmNZGWhPUMuF7/FppR5ZLBq8UlLqDoULM8=",
        "owner": "Bali10050",
        "repo": "Lightly",
        "rev": "2751ab359f78175ba4a2b954c15b14531034753f",
        "type": "github"
      },
      "original": {
        "owner": "Bali10050",
        "repo": "Lightly",
        "type": "github"
      }
    },
    "nix-indexdb": {
      "inputs": {
        "nixpkgs": [
          "nixpkgs"
        ]
      },
      "locked": {
        "lastModified": 1732519917,
        "narHash": "sha256-AGXhwHdJV0q/WNgqwrR2zriubLr785b02FphaBtyt1Q=",
        "owner": "nix-community",
        "repo": "nix-index-database",
        "rev": "f4a5ca5771ba9ca31ad24a62c8d511a405303436",
        "type": "github"
      },
      "original": {
        "owner": "nix-community",
        "repo": "nix-index-database",
        "type": "github"
      }
    },
    "nix-on-droid": {
      "inputs": {
        "home-manager": [
          "home-manager"
        ],
        "nix-formatter-pack": [],
        "nixpkgs": [
          "nixpkgs"
        ],
        "nixpkgs-docs": [
          "nixpkgs"
        ],
        "nixpkgs-for-bootstrap": [
          "nixpkgs"
        ],
        "nmd": []
      },
      "locked": {
        "lastModified": 1725658585,
        "narHash": "sha256-P29z4Gt89n5ps1U7+qmIrj0BuRXGZQSIaOe2+tsPgfw=",
        "owner": "nix-community",
        "repo": "nix-on-droid",
        "rev": "5d88ff2519e4952f8d22472b52c531bb5f1635fc",
        "type": "github"
      },
      "original": {
        "owner": "nix-community",
        "repo": "nix-on-droid",
        "type": "github"
      }
    },
    "nixos-sensible": {
      "locked": {
        "lastModified": 1711451092,
        "narHash": "sha256-17X9t5IL4cerDvoympJPIkECVG/L/yaGr+Ic3kBBYdE=",
        "owner": "Guanran928",
        "repo": "nixos-sensible",
        "rev": "23a6d9d6d5dfb2c2b89b413d900e9a4456d2c28f",
        "type": "github"
      },
      "original": {
        "owner": "Guanran928",
        "repo": "nixos-sensible",
        "type": "github"
      }
    },
    "nixpkgs": {
      "locked": {
        "lastModified": 1732758367,
        "narHash": "sha256-RzaI1RO0UXqLjydtz3GAXSTzHkpb/lLD1JD8a0W4Wpo=",
        "owner": "NixOS",
        "repo": "nixpkgs",
        "rev": "fa42b5a5f401aab8a32bd33c9a4de0738180dc59",
        "type": "github"
      },
      "original": {
        "owner": "NixOS",
        "ref": "nixos-unstable",
        "repo": "nixpkgs",
        "type": "github"
      }
    },
    "nur": {
      "locked": {
        "lastModified": 1732961569,
        "narHash": "sha256-d/yl5ewjzl7Ur98LJFmEky9pbyN6Zx42X5haBJ2V0Pw=",
        "owner": "nix-community",
        "repo": "NUR",
        "rev": "6fac7ca63269695e7928ff742c9b752c183e21ca",
        "type": "github"
      },
      "original": {
        "owner": "nix-community",
        "repo": "NUR",
        "type": "github"
      }
    },
    "root": {
      "inputs": {
        "blender": "blender",
        "crane": "crane",
        "disko": "disko",
        "flake-compat": "flake-compat",
        "flake-parts": "flake-parts",
        "flake-utils": "flake-utils",
        "home-manager": "home-manager",
        "impermanence": "impermanence",
        "lanzaboote": "lanzaboote",
        "lightly": "lightly",
        "nix-indexdb": "nix-indexdb",
        "nix-on-droid": "nix-on-droid",
        "nixos-sensible": "nixos-sensible",
        "nixpkgs": "nixpkgs",
        "nur": "nur",
        "rust-overlay": "rust-overlay",
        "sops-nix": "sops-nix",
        "systems": "systems",
        "treefmt-nix": "treefmt-nix"
      }
    },
    "rust-overlay": {
      "inputs": {
        "nixpkgs": [
          "nixpkgs"
        ]
      },
      "locked": {
        "lastModified": 1732933841,
        "narHash": "sha256-dge02pUSe2QeC/B3PriA0R8eAX+EU3aDoXj9FcS3XDw=",
        "owner": "oxalica",
        "repo": "rust-overlay",
        "rev": "c65e91d4a33abc3bc4a892d3c5b5b378bad64ea1",
        "type": "github"
      },
      "original": {
        "owner": "oxalica",
        "repo": "rust-overlay",
        "type": "github"
      }
    },
    "sops-nix": {
      "inputs": {
        "nixpkgs": [
          "nixpkgs"
        ]
      },
      "locked": {
        "lastModified": 1732575825,
        "narHash": "sha256-xtt95+c7OUMoqZf4OvA/7AemiH3aVuWHQbErYQoPwFk=",
        "owner": "Mic92",
        "repo": "sops-nix",
        "rev": "3433ea14fbd9e6671d0ff0dd45ed15ee4c156ffa",
        "type": "github"
      },
      "original": {
        "owner": "Mic92",
        "repo": "sops-nix",
        "type": "github"
      }
    },
    "systems": {
      "locked": {
        "lastModified": 1681028828,
        "narHash": "sha256-Vy1rq5AaRuLzOxct8nz4T6wlgyUR7zLU309k9mBC768=",
        "owner": "nix-systems",
        "repo": "default",
        "rev": "da67096a3b9bf56a91d16901293e51ba5b49a27e",
        "type": "github"
      },
      "original": {
        "owner": "nix-systems",
        "repo": "default",
        "type": "github"
      }
    },
    "treefmt-nix": {
      "inputs": {
        "nixpkgs": [
          "nixpkgs"
        ]
      },
      "locked": {
        "lastModified": 1732894027,
        "narHash": "sha256-2qbdorpq0TXHBWbVXaTqKoikN4bqAtAplTwGuII+oAc=",
        "owner": "numtide",
        "repo": "treefmt-nix",
        "rev": "6209c381904cab55796c5d7350e89681d3b2a8ef",
        "type": "github"
      },
      "original": {
        "owner": "numtide",
        "repo": "treefmt-nix",
        "type": "github"
      }
    }
  },
  "root": "root",
  "version": 7
}
