{
  "nodes": {
    "blender-bin": {
      "inputs": {
        "nixpkgs": [
          "nixpkgs"
        ]
      },
      "locked": {
        "dir": "blender",
        "lastModified": 1766785730,
        "narHash": "sha256-R0SImlpvVtp4gBCjWtrjyWlir2vMEs03XdVBJtsryUU=",
        "owner": "edolstra",
        "repo": "nix-warez",
        "rev": "32a73188c4026cea3f8ed97078ace45bf9f7f578",
        "type": "github"
      },
      "original": {
        "dir": "blender",
        "owner": "edolstra",
        "repo": "nix-warez",
        "type": "github"
      }
    },
    "catppuccin-nix": {
      "inputs": {
        "nixpkgs": [
          "nixpkgs"
        ]
      },
      "locked": {
        "lastModified": 1773403535,
        "narHash": "sha256-47MZaFrHxNO8tVUAmtVnerXUw2WWVluBOiU9MulN/yM=",
        "owner": "catppuccin",
        "repo": "nix",
        "rev": "d45b5665cc638bad1b794350de02f4dd41b0bb47",
        "type": "github"
      },
      "original": {
        "owner": "catppuccin",
        "repo": "nix",
        "type": "github"
      }
    },
    "crane": {
      "locked": {
        "lastModified": 1773189535,
        "narHash": "sha256-E1G/Or6MWeP+L6mpQ0iTFLpzSzlpGrITfU2220Gq47g=",
        "owner": "ipetkov",
        "repo": "crane",
        "rev": "6fa2fb4cf4a89ba49fc9dd5a3eb6cde99d388269",
        "type": "github"
      },
      "original": {
        "owner": "ipetkov",
        "repo": "crane",
        "type": "github"
      }
    },
    "disko": {
      "inputs": {
        "nixpkgs": []
      },
      "locked": {
        "lastModified": 1773506317,
        "narHash": "sha256-qWKbLUJpavIpvOdX1fhHYm0WGerytFHRoh9lVck6Bh0=",
        "owner": "nix-community",
        "repo": "disko",
        "rev": "878ec37d6a8f52c6c801d0e2a2ad554c75b9353c",
        "type": "github"
      },
      "original": {
        "owner": "nix-community",
        "repo": "disko",
        "type": "github"
      }
    },
    "emacs-overlay": {
      "inputs": {
        "nixpkgs": [],
        "nixpkgs-stable": []
      },
      "locked": {
        "lastModified": 1773607829,
        "narHash": "sha256-2p/JKw4+BBYdfyFvy+y2l4auctQymLEjflSLuDNPgPc=",
        "owner": "nix-community",
        "repo": "emacs-overlay",
        "rev": "c1c190ef22db59c892572f8a5358aa04e7ffa44a",
        "type": "github"
      },
      "original": {
        "owner": "nix-community",
        "repo": "emacs-overlay",
        "type": "github"
      }
    },
    "firefox-addons-nix": {
      "inputs": {
        "flake-utils": [],
        "nixpkgs": [
          "nixpkgs"
        ]
      },
      "locked": {
        "lastModified": 1773623924,
        "narHash": "sha256-MAs/Oec+xuqMtf51VS7SxhhwMIAUFYFAerbqf3zeb5U=",
        "owner": "petrkozorezov",
        "repo": "firefox-addons-nix",
        "rev": "25cd046ff8e72d3215434d1a929419adaa0e1220",
        "type": "github"
      },
      "original": {
        "owner": "petrkozorezov",
        "repo": "firefox-addons-nix",
        "type": "github"
      }
    },
    "flake-parts": {
      "inputs": {
        "nixpkgs-lib": [
          "hanekokoro-flake",
          "nixpkgs"
        ]
      },
      "locked": {
        "lastModified": 1772408722,
        "narHash": "sha256-rHuJtdcOjK7rAHpHphUb1iCvgkU3GpfvicLMwwnfMT0=",
        "owner": "hercules-ci",
        "repo": "flake-parts",
        "rev": "f20dc5d9b8027381c474144ecabc9034d6a839a3",
        "type": "github"
      },
      "original": {
        "owner": "hercules-ci",
        "repo": "flake-parts",
        "type": "github"
      }
    },
    "hanekokoro-flake": {
      "inputs": {
        "flake-parts": "flake-parts",
        "nixpkgs": "nixpkgs"
      },
      "locked": {
        "path": "../.",
        "type": "path"
      },
      "original": {
        "path": "../.",
        "type": "path"
      },
      "parent": []
    },
    "home-manager": {
      "inputs": {
        "nixpkgs": []
      },
      "locked": {
        "lastModified": 1773608492,
        "narHash": "sha256-QZteyExJYSQzgxqdsesDPbQgjctGG7iKV/6ooyQPITk=",
        "owner": "nix-community",
        "repo": "home-manager",
        "rev": "9a40ec3b78fc688d0908485887d355caa5666d18",
        "type": "github"
      },
      "original": {
        "owner": "nix-community",
        "repo": "home-manager",
        "type": "github"
      }
    },
    "lanzaboote": {
      "inputs": {
        "crane": [
          "crane"
        ],
        "nixpkgs": [
          "nixpkgs"
        ],
        "pre-commit": [],
        "rust-overlay": [
          "rust-overlay"
        ]
      },
      "locked": {
        "lastModified": 1773344150,
        "narHash": "sha256-JSsXufJy2zdg5XS5pRGlkwF1dqN+sWPmCgrvJsnhEzg=",
        "owner": "nix-community",
        "repo": "lanzaboote",
        "rev": "d21013305ef39e1d9d2d06b161c3785ffad82281",
        "type": "github"
      },
      "original": {
        "owner": "nix-community",
        "repo": "lanzaboote",
        "type": "github"
      }
    },
    "neovim-overlay": {
      "inputs": {
        "flake-parts": [
          "flake-parts"
        ],
        "neovim-src": "neovim-src",
        "nixpkgs": [
          "nixpkgs"
        ]
      },
      "locked": {
        "lastModified": 1773619513,
        "narHash": "sha256-2xCVm8ajE9pNngv489dPKOUa5P0tlmJRwgVPjhy7c8w=",
        "owner": "nix-community",
        "repo": "neovim-nightly-overlay",
        "rev": "07227cc79efb9c1744ec99d51f98c7a3584a62d2",
        "type": "github"
      },
      "original": {
        "owner": "nix-community",
        "repo": "neovim-nightly-overlay",
        "type": "github"
      }
    },
    "neovim-src": {
      "flake": false,
      "locked": {
        "lastModified": 1773615769,
        "narHash": "sha256-qU71k2BTckpJDHpjxaU4aQwl14+iApnAycq+IJDTmO0=",
        "owner": "neovim",
        "repo": "neovim",
        "rev": "16f7440cc7b59b7e5c79f593fedc117d2d16d7dd",
        "type": "github"
      },
      "original": {
        "owner": "neovim",
        "repo": "neovim",
        "type": "github"
      }
    },
    "nix-indexdb": {
      "inputs": {
        "nixpkgs": []
      },
      "locked": {
        "lastModified": 1773552174,
        "narHash": "sha256-mHSRNrT1rjeYBgkAlj07dW3+1nFEgAd8Gu6lgyfT9DU=",
        "owner": "nix-community",
        "repo": "nix-index-database",
        "rev": "8faeb68130df077450451b6734a221ba0d6cde42",
        "type": "github"
      },
      "original": {
        "owner": "nix-community",
        "repo": "nix-index-database",
        "type": "github"
      }
    },
    "nixos-sensible": {
      "locked": {
        "lastModified": 1711451092,
        "narHash": "sha256-17X9t5IL4cerDvoympJPIkECVG/L/yaGr+Ic3kBBYdE=",
        "owner": "Guanran928",
        "repo": "nixos-sensible",
        "rev": "23a6d9d6d5dfb2c2b89b413d900e9a4456d2c28f",
        "type": "github"
      },
      "original": {
        "owner": "Guanran928",
        "repo": "nixos-sensible",
        "type": "github"
      }
    },
    "nixpkgs": {
      "locked": {
        "lastModified": 1773606071,
        "narHash": "sha256-bSE8hvgov+kUXf8PImfk1uAKFZPAl/VuRdUp0+pkDs0=",
        "owner": "NixOS",
        "repo": "nixpkgs",
        "rev": "6a8a6f7ee38cbf7ed50d1e6e2b50d94c96bb2d15",
        "type": "github"
      },
      "original": {
        "owner": "NixOS",
        "ref": "nixos-unstable-small",
        "repo": "nixpkgs",
        "type": "github"
      }
    },
    "preservation": {
      "locked": {
        "lastModified": 1757436102,
        "narHash": "sha256-mMI9IanU+Xw+pVogD2oT0I2kTmvz2Un/Apc5+CwUpEY=",
        "owner": "nix-community",
        "repo": "preservation",
        "rev": "93416f4614ad2dfed5b0dcf12f27e57d27a5ab11",
        "type": "github"
      },
      "original": {
        "owner": "nix-community",
        "repo": "preservation",
        "type": "github"
      }
    },
    "root": {
      "inputs": {
        "blender-bin": "blender-bin",
        "catppuccin-nix": "catppuccin-nix",
        "crane": "crane",
        "disko": "disko",
        "emacs-overlay": "emacs-overlay",
        "firefox-addons-nix": "firefox-addons-nix",
        "flake-parts": [
          "hanekokoro-flake",
          "flake-parts"
        ],
        "hanekokoro-flake": "hanekokoro-flake",
        "home-manager": "home-manager",
        "lanzaboote": "lanzaboote",
        "neovim-overlay": "neovim-overlay",
        "nix-indexdb": "nix-indexdb",
        "nixos-sensible": "nixos-sensible",
        "nixpkgs": [
          "hanekokoro-flake",
          "nixpkgs"
        ],
        "preservation": "preservation",
        "rust-overlay": "rust-overlay",
        "shadowrz": "shadowrz",
        "sops-nix": "sops-nix"
      }
    },
    "rust-overlay": {
      "inputs": {
        "nixpkgs": []
      },
      "locked": {
        "lastModified": 1773544328,
        "narHash": "sha256-Iv+qez54LAz+isij4APBk31VWA//Go81hwFOXr5iWTw=",
        "owner": "oxalica",
        "repo": "rust-overlay",
        "rev": "4f977d776793c8bfbfdd7eca7835847ccc48874e",
        "type": "github"
      },
      "original": {
        "owner": "oxalica",
        "repo": "rust-overlay",
        "type": "github"
      }
    },
    "shadowrz": {
      "inputs": {
        "nixpkgs": []
      },
      "locked": {
        "lastModified": 1770776444,
        "narHash": "sha256-tdrfcpJ7qIMmqXcOUDRNybkS6c/2Ls3DPAkxe2QGdOo=",
        "owner": "ShadowRZ",
        "repo": "nur-packages",
        "rev": "a5e1f7965d7f5934d9334033580302dd5a2bbee4",
        "type": "github"
      },
      "original": {
        "owner": "ShadowRZ",
        "repo": "nur-packages",
        "type": "github"
      }
    },
    "sops-nix": {
      "inputs": {
        "nixpkgs": []
      },
      "locked": {
        "lastModified": 1773550941,
        "narHash": "sha256-wa/++bL2QeMUreNFBZEWluQfOYB0MnQIeGNMuaX9sfs=",
        "owner": "Mic92",
        "repo": "sops-nix",
        "rev": "c469b6885f0dcd5c7c56bd935a0f08dbcd9e79e1",
        "type": "github"
      },
      "original": {
        "owner": "Mic92",
        "repo": "sops-nix",
        "type": "github"
      }
    }
  },
  "root": "root",
  "version": 7
}
